# This file is automatically @generated by Cargo.
# It is not intended for manual editing.
version = 3

[[package]]
name = "anyhow"
version = "1.0.99"
source = "registry+https://github.com/rust-lang/crates.io-index"
checksum = "b0674a1ddeecb70197781e945de4b3b8ffb61fa939a5597bcf48503737663100"

[[package]]
name = "cfg-if"
version = "1.0.0"
source = "registry+https://github.com/rust-lang/crates.io-index"
checksum = "baf1de4339761588bc0619e3cbc0120ee582ebb74b53b4efbf79117bd2da40fd"

[[package]]
name = "encoding_rs"
version = "0.8.34"
source = "registry+https://github.com/rust-lang/crates.io-index"
checksum = "b45de904aa0b010bce2ab45264d0631681847fa7b6f2eaa7dab7619943bc4f59"
dependencies = [
 "cfg-if",
]

[[package]]
name = "hashify"
version = "0.2.6"
source = "registry+https://github.com/rust-lang/crates.io-index"
checksum = "f208758247e68e239acaa059e72e4ce1f30f2a4b6523f19c1b923d25b7e9cceb"
dependencies = [
 "proc-macro2",
 "quote",
 "syn",
]

[[package]]
name = "mail-parser"
version = "0.11.1"
source = "registry+https://github.com/rust-lang/crates.io-index"
checksum = "dcf4390741c4e6fa330bdeccdfb580815dbb462952de91838b723357985119a3"
dependencies = [
 "encoding_rs",
 "hashify",
 "serde",
]

[[package]]
name = "nntprs"
version = "0.1.0"
dependencies = [
 "anyhow",
 "mail-parser",
 "thiserror",
]

[[package]]
name = "nntprs-client"
version = "0.1.0"
dependencies = [
 "nntprs",
]

[[package]]
name = "nntprs-server"
version = "0.1.0"
dependencies = [
 "nntprs",
]

[[package]]
name = "proc-macro2"
version = "1.0.89"
source = "registry+https://github.com/rust-lang/crates.io-index"
checksum = "f139b0662de085916d1fb67d2b4169d1addddda1919e696f3252b740b629986e"
dependencies = [
 "unicode-ident",
]

[[package]]
name = "quote"
version = "1.0.36"
source = "registry+https://github.com/rust-lang/crates.io-index"
checksum = "0fa76aaf39101c457836aec0ce2316dbdc3ab723cdda1c6bd4e6ad4208acaca7"
dependencies = [
 "proc-macro2",
]

[[package]]
name = "serde"
version = "1.0.223"
source = "registry+https://github.com/rust-lang/crates.io-index"
checksum = "a505d71960adde88e293da5cb5eda57093379f64e61cf77bf0e6a63af07a7bac"
dependencies = [
 "serde_core",
 "serde_derive",
]

[[package]]
name = "serde_core"
version = "1.0.223"
source = "registry+https://github.com/rust-lang/crates.io-index"
checksum = "20f57cbd357666aa7b3ac84a90b4ea328f1d4ddb6772b430caa5d9e1309bb9e9"
dependencies = [
 "serde_derive",
]

[[package]]
name = "serde_derive"
version = "1.0.223"
source = "registry+https://github.com/rust-lang/crates.io-index"
checksum = "3d428d07faf17e306e699ec1e91996e5a165ba5d6bce5b5155173e91a8a01a56"
dependencies = [
 "proc-macro2",
 "quote",
 "syn",
]

[[package]]
name = "syn"
version = "2.0.87"
source = "registry+https://github.com/rust-lang/crates.io-index"
checksum = "25aa4ce346d03a6dcd68dd8b4010bcb74e54e62c90c573f394c46eae99aba32d"
dependencies = [
 "proc-macro2",
 "quote",
 "unicode-ident",
]

[[package]]
name = "thiserror"
version = "1.0.69"
source = "registry+https://github.com/rust-lang/crates.io-index"
checksum = "b6aaf5339b578ea85b50e080feb250a3e8ae8cfcdff9a461c9ec2904bc923f52"
dependencies = [
 "thiserror-impl",
]

[[package]]
name = "thiserror-impl"
version = "1.0.69"
source = "registry+https://github.com/rust-lang/crates.io-index"
checksum = "4fee6c4efc90059e10f81e6d42c60a18f76588c3d74cb83a0b242a2b6c7504c1"
dependencies = [
 "proc-macro2",
 "quote",
 "syn",
]

[[package]]
name = "unicode-ident"
version = "1.0.12"
source = "registry+https://github.com/rust-lang/crates.io-index"
checksum = "3354b9ac3fae1ff6755cb6db53683adb661634f67557942dea4facebec0fee4b"
